
Microsoft Visual Studio Solution File, Format Version 12.00
# Visual Studio 15
VisualStudioVersion = 15.0.28307.572
MinimumVisualStudioVersion = 10.0.40219.1
Project("{FAE04EC0-301F-11D3-BF4B-00C04F79EFBC}") = "SkillsTree", "SkillsTree\SkillsTree.csproj", "{CE690826-BD15-4F88-A50C-98F910A2FEF5}"
EndProject
Project("{FAE04EC0-301F-11D3-BF4B-00C04F79EFBC}") = "NUnitTestProject1", "NUnitTestProject1\NUnitTestProject1.csproj", "{BE4E810A-AFC0-4E06-8B5E-097CDB447B04}"
EndProject
Global
	GlobalSection(SolutionConfigurationPlatforms) = preSolution
		Debug|Any CPU = Debug|Any CPU
		Release|Any CPU = Release|Any CPU
	EndGlobalSection
	GlobalSection(ProjectConfigurationPlatforms) = postSolution
		{CE690826-BD15-4F88-A50C-98F910A2FEF5}.Debug|Any CPU.ActiveCfg = Debug|Any CPU
		{CE690826-BD15-4F88-A50C-98F910A2FEF5}.Debug|Any CPU.Build.0 = Debug|Any CPU
		{CE690826-BD15-4F88-A50C-98F910A2FEF5}.Release|Any CPU.ActiveCfg = Release|Any CPU
		{CE690826-BD15-4F88-A50C-98F910A2FEF5}.Release|Any CPU.Build.0 = Release|Any CPU
		{BE4E810A-AFC0-4E06-8B5E-097CDB447B04}.Debug|Any CPU.ActiveCfg = Debug|Any CPU
		{BE4E810A-AFC0-4E06-8B5E-097CDB447B04}.Debug|Any CPU.Build.0 = Debug|Any CPU
		{BE4E810A-AFC0-4E06-8B5E-097CDB447B04}.Release|Any CPU.ActiveCfg = Release|Any CPU
		{BE4E810A-AFC0-4E06-8B5E-097CDB447B04}.Release|Any CPU.Build.0 = Release|Any CPU
	EndGlobalSection
	GlobalSection(SolutionProperties) = preSolution
		HideSolutionNode = FALSE
	EndGlobalSection
	GlobalSection(ExtensibilityGlobals) = postSolution
		SolutionGuid = {38E232AF-C844-450B-8F63-10C433D195CB}
	EndGlobalSection
EndGlobal
