
Microsoft Visual Studio Solution File, Format Version 12.00
# Visual Studio 15
VisualStudioVersion = 15.0.28307.572
MinimumVisualStudioVersion = 10.0.40219.1
Project("{9A19103F-16F7-4668-BE54-9A1E7A4F7556}") = "SkillsTree", "SkillsTree\SkillsTree.csproj", "{CE690826-BD15-4F88-A50C-98F910A2FEF5}"
EndProject
Project("{9A19103F-16F7-4668-BE54-9A1E7A4F7556}") = "NUnitTestProject1", "NUnitTestProject1\NUnitTestProject1.csproj", "{BE4E810A-AFC0-4E06-8B5E-097CDB447B04}"
EndProject
Project("{9A19103F-16F7-4668-BE54-9A1E7A4F7556}") = "Reversi", "Reversi\Reversi.csproj", "{452F1FD9-D128-4BA0-A9B1-0DC6335C28B0}"
EndProject
Global
	GlobalSection(SolutionConfigurationPlatforms) = preSolution
		Debug|Any CPU = Debug|Any CPU
		Release|Any CPU = Release|Any CPU
	EndGlobalSection
	GlobalSection(ProjectConfigurationPlatforms) = postSolution
		{CE690826-BD15-4F88-A50C-98F910A2FEF5}.Debug|Any CPU.ActiveCfg = Debug|Any CPU
		{CE690826-BD15-4F88-A50C-98F910A2FEF5}.Debug|Any CPU.Build.0 = Debug|Any CPU
		{CE690826-BD15-4F88-A50C-98F910A2FEF5}.Release|Any CPU.ActiveCfg = Release|Any CPU
		{CE690826-BD15-4F88-A50C-98F910A2FEF5}.Release|Any CPU.Build.0 = Release|Any CPU
		{BE4E810A-AFC0-4E06-8B5E-097CDB447B04}.Debug|Any CPU.ActiveCfg = Debug|Any CPU
		{BE4E810A-AFC0-4E06-8B5E-097CDB447B04}.Debug|Any CPU.Build.0 = Debug|Any CPU
		{BE4E810A-AFC0-4E06-8B5E-097CDB447B04}.Release|Any CPU.ActiveCfg = Release|Any CPU
		{BE4E810A-AFC0-4E06-8B5E-097CDB447B04}.Release|Any CPU.Build.0 = Release|Any CPU
		{452F1FD9-D128-4BA0-A9B1-0DC6335C28B0}.Debug|Any CPU.ActiveCfg = Debug|Any CPU
		{452F1FD9-D128-4BA0-A9B1-0DC6335C28B0}.Debug|Any CPU.Build.0 = Debug|Any CPU
		{452F1FD9-D128-4BA0-A9B1-0DC6335C28B0}.Release|Any CPU.ActiveCfg = Release|Any CPU
		{452F1FD9-D128-4BA0-A9B1-0DC6335C28B0}.Release|Any CPU.Build.0 = Release|Any CPU
	EndGlobalSection
	GlobalSection(SolutionProperties) = preSolution
		HideSolutionNode = FALSE
	EndGlobalSection
	GlobalSection(ExtensibilityGlobals) = postSolution
		SolutionGuid = {38E232AF-C844-450B-8F63-10C433D195CB}
	EndGlobalSection
EndGlobal
